
Microsoft Visual Studio Solution File, Format Version 11.00
# Visual Studio 2010
Project("{FAE04EC0-301F-11D3-BF4B-00C04F79EFBC}") = "BowlingGame", "BowlingGame\BowlingGame.csproj", "{E336CD7A-781D-4497-8CE6-4FA117256850}"
EndProject
Project("{FAE04EC0-301F-11D3-BF4B-00C04F79EFBC}") = "BowlingMain", "BowlingMain\BowlingMain.csproj", "{0DCE4E90-DEFE-4252-A3E9-0D3DC3FF6805}"
EndProject
Global
	GlobalSection(SolutionConfigurationPlatforms) = preSolution
		Debug|Any CPU = Debug|Any CPU
		Debug|Mixed Platforms = Debug|Mixed Platforms
		Debug|x86 = Debug|x86
		Release|Any CPU = Release|Any CPU
		Release|Mixed Platforms = Release|Mixed Platforms
		Release|x86 = Release|x86
	EndGlobalSection
	GlobalSection(ProjectConfigurationPlatforms) = postSolution
		{E336CD7A-781D-4497-8CE6-4FA117256850}.Debug|Any CPU.ActiveCfg = Debug|Any CPU
		{E336CD7A-781D-4497-8CE6-4FA117256850}.Debug|Any CPU.Build.0 = Debug|Any CPU
		{E336CD7A-781D-4497-8CE6-4FA117256850}.Debug|Mixed Platforms.ActiveCfg = Debug|Any CPU
		{E336CD7A-781D-4497-8CE6-4FA117256850}.Debug|Mixed Platforms.Build.0 = Debug|Any CPU
		{E336CD7A-781D-4497-8CE6-4FA117256850}.Debug|x86.ActiveCfg = Debug|Any CPU
		{E336CD7A-781D-4497-8CE6-4FA117256850}.Release|Any CPU.ActiveCfg = Release|Any CPU
		{E336CD7A-781D-4497-8CE6-4FA117256850}.Release|Any CPU.Build.0 = Release|Any CPU
		{E336CD7A-781D-4497-8CE6-4FA117256850}.Release|Mixed Platforms.ActiveCfg = Release|Any CPU
		{E336CD7A-781D-4497-8CE6-4FA117256850}.Release|Mixed Platforms.Build.0 = Release|Any CPU
		{E336CD7A-781D-4497-8CE6-4FA117256850}.Release|x86.ActiveCfg = Release|Any CPU
		{0DCE4E90-DEFE-4252-A3E9-0D3DC3FF6805}.Debug|Any CPU.ActiveCfg = Debug|x86
		{0DCE4E90-DEFE-4252-A3E9-0D3DC3FF6805}.Debug|Mixed Platforms.ActiveCfg = Debug|x86
		{0DCE4E90-DEFE-4252-A3E9-0D3DC3FF6805}.Debug|Mixed Platforms.Build.0 = Debug|x86
		{0DCE4E90-DEFE-4252-A3E9-0D3DC3FF6805}.Debug|x86.ActiveCfg = Debug|x86
		{0DCE4E90-DEFE-4252-A3E9-0D3DC3FF6805}.Debug|x86.Build.0 = Debug|x86
		{0DCE4E90-DEFE-4252-A3E9-0D3DC3FF6805}.Release|Any CPU.ActiveCfg = Release|x86
		{0DCE4E90-DEFE-4252-A3E9-0D3DC3FF6805}.Release|Mixed Platforms.ActiveCfg = Release|x86
		{0DCE4E90-DEFE-4252-A3E9-0D3DC3FF6805}.Release|Mixed Platforms.Build.0 = Release|x86
		{0DCE4E90-DEFE-4252-A3E9-0D3DC3FF6805}.Release|x86.ActiveCfg = Release|x86
		{0DCE4E90-DEFE-4252-A3E9-0D3DC3FF6805}.Release|x86.Build.0 = Release|x86
	EndGlobalSection
	GlobalSection(SolutionProperties) = preSolution
		HideSolutionNode = FALSE
	EndGlobalSection
EndGlobal
